
Microsoft Visual Studio Solution File, Format Version 12.00
# Visual Studio Version 17
VisualStudioVersion = 17.13.35825.156 d17.13
MinimumVisualStudioVersion = 10.0.40219.1
Project("{FAE04EC0-301F-11D3-BF4B-00C04F79EFBC}") = "jurnal7", "jurnal7\jurnal7.csproj", "{61311BAC-4ABA-49A8-A330-69142412BA60}"
EndProject
Global
	GlobalSection(SolutionConfigurationPlatforms) = preSolution
		Debug|Any CPU = Debug|Any CPU
		Release|Any CPU = Release|Any CPU
	EndGlobalSection
	GlobalSection(ProjectConfigurationPlatforms) = postSolution
		{61311BAC-4ABA-49A8-A330-69142412BA60}.Debug|Any CPU.ActiveCfg = Debug|Any CPU
		{61311BAC-4ABA-49A8-A330-69142412BA60}.Debug|Any CPU.Build.0 = Debug|Any CPU
		{61311BAC-4ABA-49A8-A330-69142412BA60}.Release|Any CPU.ActiveCfg = Release|Any CPU
		{61311BAC-4ABA-49A8-A330-69142412BA60}.Release|Any CPU.Build.0 = Release|Any CPU
	EndGlobalSection
	GlobalSection(SolutionProperties) = preSolution
		HideSolutionNode = FALSE
	EndGlobalSection
	GlobalSection(ExtensibilityGlobals) = postSolution
		SolutionGuid = {3D4DDC77-217B-4CD2-BB47-D372FB5B7107}
	EndGlobalSection
EndGlobal
