
Microsoft Visual Studio Solution File, Format Version 12.00
# Visual Studio Version 17
VisualStudioVersion = 17.13.35825.156 d17.13
MinimumVisualStudioVersion = 10.0.40219.1
Project("{FAE04EC0-301F-11D3-BF4B-00C04F79EFBC}") = "jurnal7(3)", "jurnal7(3)\jurnal7(3).csproj", "{A06C7313-CDE7-4600-B6AD-E0D7ED77C64B}"
EndProject
Global
	GlobalSection(SolutionConfigurationPlatforms) = preSolution
		Debug|Any CPU = Debug|Any CPU
		Release|Any CPU = Release|Any CPU
	EndGlobalSection
	GlobalSection(ProjectConfigurationPlatforms) = postSolution
		{A06C7313-CDE7-4600-B6AD-E0D7ED77C64B}.Debug|Any CPU.ActiveCfg = Debug|Any CPU
		{A06C7313-CDE7-4600-B6AD-E0D7ED77C64B}.Debug|Any CPU.Build.0 = Debug|Any CPU
		{A06C7313-CDE7-4600-B6AD-E0D7ED77C64B}.Release|Any CPU.ActiveCfg = Release|Any CPU
		{A06C7313-CDE7-4600-B6AD-E0D7ED77C64B}.Release|Any CPU.Build.0 = Release|Any CPU
	EndGlobalSection
	GlobalSection(SolutionProperties) = preSolution
		HideSolutionNode = FALSE
	EndGlobalSection
	GlobalSection(ExtensibilityGlobals) = postSolution
		SolutionGuid = {F27FBFD8-27EE-48F5-8706-335219FD24A8}
	EndGlobalSection
EndGlobal
