
Microsoft Visual Studio Solution File, Format Version 12.00
# Visual Studio Version 17
VisualStudioVersion = 17.13.35825.156 d17.13
MinimumVisualStudioVersion = 10.0.40219.1
Project("{FAE04EC0-301F-11D3-BF4B-00C04F79EFBC}") = "TP_modul_7_2311104074", "TP_modul_7_2311104074\TP_modul_7_2311104074.csproj", "{4F3A8702-C8B0-4C90-A7D3-815035025727}"
EndProject
Global
	GlobalSection(SolutionConfigurationPlatforms) = preSolution
		Debug|Any CPU = Debug|Any CPU
		Release|Any CPU = Release|Any CPU
	EndGlobalSection
	GlobalSection(ProjectConfigurationPlatforms) = postSolution
		{4F3A8702-C8B0-4C90-A7D3-815035025727}.Debug|Any CPU.ActiveCfg = Debug|Any CPU
		{4F3A8702-C8B0-4C90-A7D3-815035025727}.Debug|Any CPU.Build.0 = Debug|Any CPU
		{4F3A8702-C8B0-4C90-A7D3-815035025727}.Release|Any CPU.ActiveCfg = Release|Any CPU
		{4F3A8702-C8B0-4C90-A7D3-815035025727}.Release|Any CPU.Build.0 = Release|Any CPU
	EndGlobalSection
	GlobalSection(SolutionProperties) = preSolution
		HideSolutionNode = FALSE
	EndGlobalSection
	GlobalSection(ExtensibilityGlobals) = postSolution
		SolutionGuid = {9E1E7547-08FC-4866-84D9-B1653313B19B}
	EndGlobalSection
EndGlobal
